
Microsoft Visual Studio Solution File, Format Version 12.00
# Visual Studio Version 16
VisualStudioVersion = 16.0.31112.23
MinimumVisualStudioVersion = 10.0.40219.1
Project("{9A19103F-16F7-4668-BE54-9A1E7A4F7556}") = "Flauddid.Web", "Flauddid.Web\Flauddid.Web.csproj", "{F852B5F0-9FB5-4471-AEE7-6053B53F1FE7}"
EndProject
Project("{FAE04EC0-301F-11D3-BF4B-00C04F79EFBC}") = "Flauddid.Domain", "Flauddid.Domain\Flauddid.Domain.csproj", "{F8C706BE-A233-4A11-8E0B-4D17AFF3B0B8}"
EndProject
Project("{FAE04EC0-301F-11D3-BF4B-00C04F79EFBC}") = "Flauddid.DataAccess", "Flauddid.DataAccess\Flauddid.DataAccess.csproj", "{F45ACFFA-FB4E-4D2A-ABBE-58D726A41BCC}"
EndProject
Global
	GlobalSection(SolutionConfigurationPlatforms) = preSolution
		Debug|Any CPU = Debug|Any CPU
		Release|Any CPU = Release|Any CPU
	EndGlobalSection
	GlobalSection(ProjectConfigurationPlatforms) = postSolution
		{F852B5F0-9FB5-4471-AEE7-6053B53F1FE7}.Debug|Any CPU.ActiveCfg = Debug|Any CPU
		{F852B5F0-9FB5-4471-AEE7-6053B53F1FE7}.Debug|Any CPU.Build.0 = Debug|Any CPU
		{F852B5F0-9FB5-4471-AEE7-6053B53F1FE7}.Release|Any CPU.ActiveCfg = Release|Any CPU
		{F852B5F0-9FB5-4471-AEE7-6053B53F1FE7}.Release|Any CPU.Build.0 = Release|Any CPU
		{F8C706BE-A233-4A11-8E0B-4D17AFF3B0B8}.Debug|Any CPU.ActiveCfg = Debug|Any CPU
		{F8C706BE-A233-4A11-8E0B-4D17AFF3B0B8}.Debug|Any CPU.Build.0 = Debug|Any CPU
		{F8C706BE-A233-4A11-8E0B-4D17AFF3B0B8}.Release|Any CPU.ActiveCfg = Release|Any CPU
		{F8C706BE-A233-4A11-8E0B-4D17AFF3B0B8}.Release|Any CPU.Build.0 = Release|Any CPU
		{F45ACFFA-FB4E-4D2A-ABBE-58D726A41BCC}.Debug|Any CPU.ActiveCfg = Debug|Any CPU
		{F45ACFFA-FB4E-4D2A-ABBE-58D726A41BCC}.Debug|Any CPU.Build.0 = Debug|Any CPU
		{F45ACFFA-FB4E-4D2A-ABBE-58D726A41BCC}.Release|Any CPU.ActiveCfg = Release|Any CPU
		{F45ACFFA-FB4E-4D2A-ABBE-58D726A41BCC}.Release|Any CPU.Build.0 = Release|Any CPU
	EndGlobalSection
	GlobalSection(SolutionProperties) = preSolution
		HideSolutionNode = FALSE
	EndGlobalSection
	GlobalSection(ExtensibilityGlobals) = postSolution
		SolutionGuid = {BA23A6C9-6EE2-41CC-B6CE-100A848081D0}
	EndGlobalSection
EndGlobal
