
Microsoft Visual Studio Solution File, Format Version 12.00
# Visual Studio Version 16
VisualStudioVersion = 16.0.31112.23
MinimumVisualStudioVersion = 10.0.40219.1
Project("{9A19103F-16F7-4668-BE54-9A1E7A4F7556}") = "Flauddid.Server", "Flauddid\Server\Flauddid.Server.csproj", "{F52C50B9-3B06-489A-910A-2B31EBB8ABBA}"
EndProject
Project("{9A19103F-16F7-4668-BE54-9A1E7A4F7556}") = "Flauddid.Client", "Flauddid\Client\Flauddid.Client.csproj", "{08424867-0D8E-41AA-832E-08BD04CB324F}"
EndProject
Project("{9A19103F-16F7-4668-BE54-9A1E7A4F7556}") = "Flauddid.Domain", "Flauddid\Shared\Flauddid.Domain.csproj", "{A547235E-3B52-4D24-8E8A-99B77B053B75}"
EndProject
Project("{9A19103F-16F7-4668-BE54-9A1E7A4F7556}") = "Flauddid.Client.DataAccess", "Flauddid.Client.DataAccess\Flauddid.Client.DataAccess.csproj", "{5960B6A4-C0DC-49B2-AA24-561763C1490E}"
EndProject
Project("{9A19103F-16F7-4668-BE54-9A1E7A4F7556}") = "Flauddid.Server.DataAccess", "Flauddid.Server.DataAccess\Flauddid.Server.DataAccess.csproj", "{32BFF130-6C94-4A37-B31C-09DB22FB4468}"
EndProject
Global
	GlobalSection(SolutionConfigurationPlatforms) = preSolution
		Debug|Any CPU = Debug|Any CPU
		Release|Any CPU = Release|Any CPU
	EndGlobalSection
	GlobalSection(ProjectConfigurationPlatforms) = postSolution
		{F52C50B9-3B06-489A-910A-2B31EBB8ABBA}.Debug|Any CPU.ActiveCfg = Debug|Any CPU
		{F52C50B9-3B06-489A-910A-2B31EBB8ABBA}.Debug|Any CPU.Build.0 = Debug|Any CPU
		{F52C50B9-3B06-489A-910A-2B31EBB8ABBA}.Release|Any CPU.ActiveCfg = Release|Any CPU
		{F52C50B9-3B06-489A-910A-2B31EBB8ABBA}.Release|Any CPU.Build.0 = Release|Any CPU
		{08424867-0D8E-41AA-832E-08BD04CB324F}.Debug|Any CPU.ActiveCfg = Debug|Any CPU
		{08424867-0D8E-41AA-832E-08BD04CB324F}.Debug|Any CPU.Build.0 = Debug|Any CPU
		{08424867-0D8E-41AA-832E-08BD04CB324F}.Release|Any CPU.ActiveCfg = Release|Any CPU
		{08424867-0D8E-41AA-832E-08BD04CB324F}.Release|Any CPU.Build.0 = Release|Any CPU
		{A547235E-3B52-4D24-8E8A-99B77B053B75}.Debug|Any CPU.ActiveCfg = Debug|Any CPU
		{A547235E-3B52-4D24-8E8A-99B77B053B75}.Debug|Any CPU.Build.0 = Debug|Any CPU
		{A547235E-3B52-4D24-8E8A-99B77B053B75}.Release|Any CPU.ActiveCfg = Release|Any CPU
		{A547235E-3B52-4D24-8E8A-99B77B053B75}.Release|Any CPU.Build.0 = Release|Any CPU
		{5960B6A4-C0DC-49B2-AA24-561763C1490E}.Debug|Any CPU.ActiveCfg = Debug|Any CPU
		{5960B6A4-C0DC-49B2-AA24-561763C1490E}.Debug|Any CPU.Build.0 = Debug|Any CPU
		{5960B6A4-C0DC-49B2-AA24-561763C1490E}.Release|Any CPU.ActiveCfg = Release|Any CPU
		{5960B6A4-C0DC-49B2-AA24-561763C1490E}.Release|Any CPU.Build.0 = Release|Any CPU
		{32BFF130-6C94-4A37-B31C-09DB22FB4468}.Debug|Any CPU.ActiveCfg = Debug|Any CPU
		{32BFF130-6C94-4A37-B31C-09DB22FB4468}.Debug|Any CPU.Build.0 = Debug|Any CPU
		{32BFF130-6C94-4A37-B31C-09DB22FB4468}.Release|Any CPU.ActiveCfg = Release|Any CPU
		{32BFF130-6C94-4A37-B31C-09DB22FB4468}.Release|Any CPU.Build.0 = Release|Any CPU
	EndGlobalSection
	GlobalSection(SolutionProperties) = preSolution
		HideSolutionNode = FALSE
	EndGlobalSection
	GlobalSection(ExtensibilityGlobals) = postSolution
		SolutionGuid = {BA23A6C9-6EE2-41CC-B6CE-100A848081D0}
	EndGlobalSection
EndGlobal
